
Microsoft Visual Studio Solution File, Format Version 12.00
# Visual Studio Version 17
VisualStudioVersion = 17.2.32616.157
MinimumVisualStudioVersion = 10.0.40219.1
Project("{9A19103F-16F7-4668-BE54-9A1E7A4F7556}") = "PersonalWebsite.Data", "PersonalWebsite.Data\PersonalWebsite.Data.csproj", "{F960A4D9-947B-4E4A-8043-6D4B7E8E2B6F}"
EndProject
Project("{9A19103F-16F7-4668-BE54-9A1E7A4F7556}") = "PersonalWebsite.Data.UnitTests", "PersonalWebsite.Data.UnitTests\PersonalWebsite.Data.UnitTests.csproj", "{F94A90C2-EA20-4165-9F80-CEB423E80DC3}"
EndProject
Project("{9A19103F-16F7-4668-BE54-9A1E7A4F7556}") = "PersonalWebsite.React", "PersonalWebsite.React\PersonalWebsite.React.csproj", "{E57894DF-903E-4DF1-8A74-9CE07C0B31D4}"
EndProject
Global
	GlobalSection(SolutionConfigurationPlatforms) = preSolution
		Debug|Any CPU = Debug|Any CPU
		Release|Any CPU = Release|Any CPU
	EndGlobalSection
	GlobalSection(ProjectConfigurationPlatforms) = postSolution
		{F960A4D9-947B-4E4A-8043-6D4B7E8E2B6F}.Debug|Any CPU.ActiveCfg = Debug|Any CPU
		{F960A4D9-947B-4E4A-8043-6D4B7E8E2B6F}.Debug|Any CPU.Build.0 = Debug|Any CPU
		{F960A4D9-947B-4E4A-8043-6D4B7E8E2B6F}.Release|Any CPU.ActiveCfg = Release|Any CPU
		{F960A4D9-947B-4E4A-8043-6D4B7E8E2B6F}.Release|Any CPU.Build.0 = Release|Any CPU
		{F94A90C2-EA20-4165-9F80-CEB423E80DC3}.Debug|Any CPU.ActiveCfg = Debug|Any CPU
		{F94A90C2-EA20-4165-9F80-CEB423E80DC3}.Debug|Any CPU.Build.0 = Debug|Any CPU
		{F94A90C2-EA20-4165-9F80-CEB423E80DC3}.Release|Any CPU.ActiveCfg = Release|Any CPU
		{F94A90C2-EA20-4165-9F80-CEB423E80DC3}.Release|Any CPU.Build.0 = Release|Any CPU
		{E57894DF-903E-4DF1-8A74-9CE07C0B31D4}.Debug|Any CPU.ActiveCfg = Debug|Any CPU
		{E57894DF-903E-4DF1-8A74-9CE07C0B31D4}.Debug|Any CPU.Build.0 = Debug|Any CPU
		{E57894DF-903E-4DF1-8A74-9CE07C0B31D4}.Release|Any CPU.ActiveCfg = Release|Any CPU
		{E57894DF-903E-4DF1-8A74-9CE07C0B31D4}.Release|Any CPU.Build.0 = Release|Any CPU
	EndGlobalSection
	GlobalSection(SolutionProperties) = preSolution
		HideSolutionNode = FALSE
	EndGlobalSection
	GlobalSection(ExtensibilityGlobals) = postSolution
		SolutionGuid = {7BB30D9B-ECF8-43F8-A1F6-7CA7FFCB375D}
	EndGlobalSection
EndGlobal
